// !$*UTF8*$!
{
	archiveVersion = 1;
	classes = {
	};
	objectVersion = 55;
	objects = {

/* Begin PBXBuildFile section */
		AC94C29E27B48CEC00B0FE4D /* FastwizzApp.swift in Sources */ = {isa = PBXBuildFile; fileRef = AC94C29D27B48CEC00B0FE4D /* FastwizzApp.swift */; };
		AC94C2A027B48CEC00B0FE4D /* ContentView.swift in Sources */ = {isa = PBXBuildFile; fileRef = AC94C29F27B48CEC00B0FE4D /* ContentView.swift */; };
		AC94C2A227B48CED00B0FE4D /* Assets.xcassets in Resources */ = {isa = PBXBuildFile; fileRef = AC94C2A127B48CED00B0FE4D /* Assets.xcassets */; };
		AC94C2A527B48CED00B0FE4D /* Preview Assets.xcassets in Resources */ = {isa = PBXBuildFile; fileRef = AC94C2A427B48CED00B0FE4D /* Preview Assets.xcassets */; };
		AC94C2AF27B48CEE00B0FE4D /* FastwizzTests.swift in Sources */ = {isa = PBXBuildFile; fileRef = AC94C2AE27B48CEE00B0FE4D /* FastwizzTests.swift */; };
		AC94C2B927B48CEE00B0FE4D /* FastwizzUITests.swift in Sources */ = {isa = PBXBuildFile; fileRef = AC94C2B827B48CEE00B0FE4D /* FastwizzUITests.swift */; };
		AC94C2BB27B48CEE00B0FE4D /* FastwizzUITestsLaunchTests.swift in Sources */ = {isa = PBXBuildFile; fileRef = AC94C2BA27B48CEE00B0FE4D /* FastwizzUITestsLaunchTests.swift */; };
/* End PBXBuildFile section */

/* Begin PBXContainerItemProxy section */
		AC94C2AB27B48CEE00B0FE4D /* PBXContainerItemProxy */ = {
			isa = PBXContainerItemProxy;
			containerPortal = AC94C29227B48CEC00B0FE4D /* Project object */;
			proxyType = 1;
			remoteGlobalIDString = AC94C29927B48CEC00B0FE4D;
			remoteInfo = Fastwizz;
		};
		AC94C2B527B48CEE00B0FE4D /* PBXContainerItemProxy */ = {
			isa = PBXContainerItemProxy;
			containerPortal = AC94C29227B48CEC00B0FE4D /* Project object */;
			proxyType = 1;
			remoteGlobalIDString = AC94C29927B48CEC00B0FE4D;
			remoteInfo = Fastwizz;
		};
/* End PBXContainerItemProxy section */

/* Begin PBXFileReference section */
		AC94C29A27B48CEC00B0FE4D /* Fastwizz.app */ = {isa = PBXFileReference; explicitFileType = wrapper.application; includeInIndex = 0; path = Fastwizz.app; sourceTree = BUILT_PRODUCTS_DIR; };
		AC94C29D27B48CEC00B0FE4D /* FastwizzApp.swift */ = {isa = PBXFileReference; lastKnownFileType = sourcecode.swift; path = FastwizzApp.swift; sourceTree = "<group>"; };
		AC94C29F27B48CEC00B0FE4D /* ContentView.swift */ = {isa = PBXFileReference; lastKnownFileType = sourcecode.swift; path = ContentView.swift; sourceTree = "<group>"; };
		AC94C2A127B48CED00B0FE4D /* Assets.xcassets */ = {isa = PBXFileReference; lastKnownFileType = folder.assetcatalog; path = Assets.xcassets; sourceTree = "<group>"; };
		AC94C2A427B48CED00B0FE4D /* Preview Assets.xcassets */ = {isa = PBXFileReference; lastKnownFileType = folder.assetcatalog; path = "Preview Assets.xcassets"; sourceTree = "<group>"; };
		AC94C2AA27B48CEE00B0FE4D /* FastwizzTests.xctest */ = {isa = PBXFileReference; explicitFileType = wrapper.cfbundle; includeInIndex = 0; path = FastwizzTests.xctest; sourceTree = BUILT_PRODUCTS_DIR; };
		AC94C2AE27B48CEE00B0FE4D /* FastwizzTests.swift */ = {isa = PBXFileReference; lastKnownFileType = sourcecode.swift; path = FastwizzTests.swift; sourceTree = "<group>"; };
		AC94C2B427B48CEE00B0FE4D /* FastwizzUITests.xctest */ = {isa = PBXFileReference; explicitFileType = wrapper.cfbundle; includeInIndex = 0; path = FastwizzUITests.xctest; sourceTree = BUILT_PRODUCTS_DIR; };
		AC94C2B827B48CEE00B0FE4D /* FastwizzUITests.swift */ = {isa = PBXFileReference; lastKnownFileType = sourcecode.swift; path = FastwizzUITests.swift; sourceTree = "<group>"; };
		AC94C2BA27B48CEE00B0FE4D /* FastwizzUITestsLaunchTests.swift */ = {isa = PBXFileReference; lastKnownFileType = sourcecode.swift; path = FastwizzUITestsLaunchTests.swift; sourceTree = "<group>"; };
/* End PBXFileReference section */

/* Begin PBXFrameworksBuildPhase section */
		AC94C29727B48CEC00B0FE4D /* Frameworks */ = {
			isa = PBXFrameworksBuildPhase;
			buildActionMask = 2147483647;
			files = (
			);
			runOnlyForDeploymentPostprocessing = 0;
		};
		AC94C2A727B48CEE00B0FE4D /* Frameworks */ = {
			isa = PBXFrameworksBuildPhase;
			buildActionMask = 2147483647;
			files = (
			);
			runOnlyForDeploymentPostprocessing = 0;
		};
		AC94C2B127B48CEE00B0FE4D /* Frameworks */ = {
			isa = PBXFrameworksBuildPhase;
			buildActionMask = 2147483647;
			files = (
			);
			runOnlyForDeploymentPostprocessing = 0;
		};
/* End PBXFrameworksBuildPhase section */

/* Begin PBXGroup section */
		AC94C29127B48CEC00B0FE4D = {
			isa = PBXGroup;
			children = (
				AC94C29C27B48CEC00B0FE4D /* Fastwizz */,
				AC94C2AD27B48CEE00B0FE4D /* FastwizzTests */,
				AC94C2B727B48CEE00B0FE4D /* FastwizzUITests */,
				AC94C29B27B48CEC00B0FE4D /* Products */,
			);
			sourceTree = "<group>";
		};
		AC94C29B27B48CEC00B0FE4D /* Products */ = {
			isa = PBXGroup;
			children = (
				AC94C29A27B48CEC00B0FE4D /* Fastwizz.app */,
				AC94C2AA27B48CEE00B0FE4D /* FastwizzTests.xctest */,
				AC94C2B427B48CEE00B0FE4D /* FastwizzUITests.xctest */,
			);
			name = Products;
			sourceTree = "<group>";
		};
		AC94C29C27B48CEC00B0FE4D /* Fastwizz */ = {
			isa = PBXGroup;
			children = (
				AC94C29D27B48CEC00B0FE4D /* FastwizzApp.swift */,
				AC94C29F27B48CEC00B0FE4D /* ContentView.swift */,
				AC94C2A127B48CED00B0FE4D /* Assets.xcassets */,
				AC94C2A327B48CED00B0FE4D /* Preview Content */,
			);
			path = Fastwizz;
			sourceTree = "<group>";
		};
		AC94C2A327B48CED00B0FE4D /* Preview Content */ = {
			isa = PBXGroup;
			children = (
				AC94C2A427B48CED00B0FE4D /* Preview Assets.xcassets */,
			);
			path = "Preview Content";
			sourceTree = "<group>";
		};
		AC94C2AD27B48CEE00B0FE4D /* FastwizzTests */ = {
			isa = PBXGroup;
			children = (
				AC94C2AE27B48CEE00B0FE4D /* FastwizzTests.swift */,
			);
			path = FastwizzTests;
			sourceTree = "<group>";
		};
		AC94C2B727B48CEE00B0FE4D /* FastwizzUITests */ = {
			isa = PBXGroup;
			children = (
				AC94C2B827B48CEE00B0FE4D /* FastwizzUITests.swift */,
				AC94C2BA27B48CEE00B0FE4D /* FastwizzUITestsLaunchTests.swift */,
			);
			path = FastwizzUITests;
			sourceTree = "<group>";
		};
/* End PBXGroup section */

/* Begin PBXNativeTarget section */
		AC94C29927B48CEC00B0FE4D /* Fastwizz */ = {
			isa = PBXNativeTarget;
			buildConfigurationList = AC94C2BE27B48CEE00B0FE4D /* Build configuration list for PBXNativeTarget "Fastwizz" */;
			buildPhases = (
				AC94C29627B48CEC00B0FE4D /* Sources */,
				AC94C29727B48CEC00B0FE4D /* Frameworks */,
				AC94C29827B48CEC00B0FE4D /* Resources */,
			);
			buildRules = (
			);
			dependencies = (
			);
			name = Fastwizz;
			productName = Fastwizz;
			productReference = AC94C29A27B48CEC00B0FE4D /* Fastwizz.app */;
			productType = "com.apple.product-type.application";
		};
		AC94C2A927B48CEE00B0FE4D /* FastwizzTests */ = {
			isa = PBXNativeTarget;
			buildConfigurationList = AC94C2C127B48CEE00B0FE4D /* Build configuration list for PBXNativeTarget "FastwizzTests" */;
			buildPhases = (
				AC94C2A627B48CEE00B0FE4D /* Sources */,
				AC94C2A727B48CEE00B0FE4D /* Frameworks */,
				AC94C2A827B48CEE00B0FE4D /* Resources */,
			);
			buildRules = (
			);
			dependencies = (
				AC94C2AC27B48CEE00B0FE4D /* PBXTargetDependency */,
			);
			name = FastwizzTests;
			productName = FastwizzTests;
			productReference = AC94C2AA27B48CEE00B0FE4D /* FastwizzTests.xctest */;
			productType = "com.apple.product-type.bundle.unit-test";
		};
		AC94C2B327B48CEE00B0FE4D /* FastwizzUITests */ = {
			isa = PBXNativeTarget;
			buildConfigurationList = AC94C2C427B48CEE00B0FE4D /* Build configuration list for PBXNativeTarget "FastwizzUITests" */;
			buildPhases = (
				AC94C2B027B48CEE00B0FE4D /* Sources */,
				AC94C2B127B48CEE00B0FE4D /* Frameworks */,
				AC94C2B227B48CEE00B0FE4D /* Resources */,
			);
			buildRules = (
			);
			dependencies = (
				AC94C2B627B48CEE00B0FE4D /* PBXTargetDependency */,
			);
			name = FastwizzUITests;
			productName = FastwizzUITests;
			productReference = AC94C2B427B48CEE00B0FE4D /* FastwizzUITests.xctest */;
			productType = "com.apple.product-type.bundle.ui-testing";
		};
/* End PBXNativeTarget section */

/* Begin PBXProject section */
		AC94C29227B48CEC00B0FE4D /* Project object */ = {
			isa = PBXProject;
			attributes = {
				BuildIndependentTargetsInParallel = 1;
				LastSwiftUpdateCheck = 1320;
				LastUpgradeCheck = 1320;
				TargetAttributes = {
					AC94C29927B48CEC00B0FE4D = {
						CreatedOnToolsVersion = 13.2.1;
					};
					AC94C2A927B48CEE00B0FE4D = {
						CreatedOnToolsVersion = 13.2.1;
						TestTargetID = AC94C29927B48CEC00B0FE4D;
					};
					AC94C2B327B48CEE00B0FE4D = {
						CreatedOnToolsVersion = 13.2.1;
						TestTargetID = AC94C29927B48CEC00B0FE4D;
					};
				};
			};
			buildConfigurationList = AC94C29527B48CEC00B0FE4D /* Build configuration list for PBXProject "Fastwizz" */;
			compatibilityVersion = "Xcode 13.0";
			developmentRegion = en;
			hasScannedForEncodings = 0;
			knownRegions = (
				en,
				Base,
			);
			mainGroup = AC94C29127B48CEC00B0FE4D;
			productRefGroup = AC94C29B27B48CEC00B0FE4D /* Products */;
			projectDirPath = "";
			projectRoot = "";
			targets = (
				AC94C29927B48CEC00B0FE4D /* Fastwizz */,
				AC94C2A927B48CEE00B0FE4D /* FastwizzTests */,
				AC94C2B327B48CEE00B0FE4D /* FastwizzUITests */,
			);
		};
/* End PBXProject section */

/* Begin PBXResourcesBuildPhase section */
		AC94C29827B48CEC00B0FE4D /* Resources */ = {
			isa = PBXResourcesBuildPhase;
			buildActionMask = 2147483647;
			files = (
				AC94C2A527B48CED00B0FE4D /* Preview Assets.xcassets in Resources */,
				AC94C2A227B48CED00B0FE4D /* Assets.xcassets in Resources */,
			);
			runOnlyForDeploymentPostprocessing = 0;
		};
		AC94C2A827B48CEE00B0FE4D /* Resources */ = {
			isa = PBXResourcesBuildPhase;
			buildActionMask = 2147483647;
			files = (
			);
			runOnlyForDeploymentPostprocessing = 0;
		};
		AC94C2B227B48CEE00B0FE4D /* Resources */ = {
			isa = PBXResourcesBuildPhase;
			buildActionMask = 2147483647;
			files = (
			);
			runOnlyForDeploymentPostprocessing = 0;
		};
/* End PBXResourcesBuildPhase section */

/* Begin PBXSourcesBuildPhase section */
		AC94C29627B48CEC00B0FE4D /* Sources */ = {
			isa = PBXSourcesBuildPhase;
			buildActionMask = 2147483647;
			files = (
				AC94C2A027B48CEC00B0FE4D /* ContentView.swift in Sources */,
				AC94C29E27B48CEC00B0FE4D /* FastwizzApp.swift in Sources */,
			);
			runOnlyForDeploymentPostprocessing = 0;
		};
		AC94C2A627B48CEE00B0FE4D /* Sources */ = {
			isa = PBXSourcesBuildPhase;
			buildActionMask = 2147483647;
			files = (
				AC94C2AF27B48CEE00B0FE4D /* FastwizzTests.swift in Sources */,
			);
			runOnlyForDeploymentPostprocessing = 0;
		};
		AC94C2B027B48CEE00B0FE4D /* Sources */ = {
			isa = PBXSourcesBuildPhase;
			buildActionMask = 2147483647;
			files = (
				AC94C2BB27B48CEE00B0FE4D /* FastwizzUITestsLaunchTests.swift in Sources */,
				AC94C2B927B48CEE00B0FE4D /* FastwizzUITests.swift in Sources */,
			);
			runOnlyForDeploymentPostprocessing = 0;
		};
/* End PBXSourcesBuildPhase section */

/* Begin PBXTargetDependency section */
		AC94C2AC27B48CEE00B0FE4D /* PBXTargetDependency */ = {
			isa = PBXTargetDependency;
			target = AC94C29927B48CEC00B0FE4D /* Fastwizz */;
			targetProxy = AC94C2AB27B48CEE00B0FE4D /* PBXContainerItemProxy */;
		};
		AC94C2B627B48CEE00B0FE4D /* PBXTargetDependency */ = {
			isa = PBXTargetDependency;
			target = AC94C29927B48CEC00B0FE4D /* Fastwizz */;
			targetProxy = AC94C2B527B48CEE00B0FE4D /* PBXContainerItemProxy */;
		};
/* End PBXTargetDependency section */

/* Begin XCBuildConfiguration section */
		AC94C2BC27B48CEE00B0FE4D /* Debug */ = {
			isa = XCBuildConfiguration;
			buildSettings = {
				ALWAYS_SEARCH_USER_PATHS = NO;
				CLANG_ANALYZER_NONNULL = YES;
				CLANG_ANALYZER_NUMBER_OBJECT_CONVERSION = YES_AGGRESSIVE;
				CLANG_CXX_LANGUAGE_STANDARD = "gnu++17";
				CLANG_CXX_LIBRARY = "libc++";
				CLANG_ENABLE_MODULES = YES;
				CLANG_ENABLE_OBJC_ARC = YES;
				CLANG_ENABLE_OBJC_WEAK = YES;
				CLANG_WARN_BLOCK_CAPTURE_AUTORELEASING = YES;
				CLANG_WARN_BOOL_CONVERSION = YES;
				CLANG_WARN_COMMA = YES;
				CLANG_WARN_CONSTANT_CONVERSION = YES;
				CLANG_WARN_DEPRECATED_OBJC_IMPLEMENTATIONS = YES;
				CLANG_WARN_DIRECT_OBJC_ISA_USAGE = YES_ERROR;
				CLANG_WARN_DOCUMENTATION_COMMENTS = YES;
				CLANG_WARN_EMPTY_BODY = YES;
				CLANG_WARN_ENUM_CONVERSION = YES;
				CLANG_WARN_INFINITE_RECURSION = YES;
				CLANG_WARN_INT_CONVERSION = YES;
				CLANG_WARN_NON_LITERAL_NULL_CONVERSION = YES;
				CLANG_WARN_OBJC_IMPLICIT_RETAIN_SELF = YES;
				CLANG_WARN_OBJC_LITERAL_CONVERSION = YES;
				CLANG_WARN_OBJC_ROOT_CLASS = YES_ERROR;
				CLANG_WARN_QUOTED_INCLUDE_IN_FRAMEWORK_HEADER = YES;
				CLANG_WARN_RANGE_LOOP_ANALYSIS = YES;
				CLANG_WARN_STRICT_PROTOTYPES = YES;
				CLANG_WARN_SUSPICIOUS_MOVE = YES;
				CLANG_WARN_UNGUARDED_AVAILABILITY = YES_AGGRESSIVE;
				CLANG_WARN_UNREACHABLE_CODE = YES;
				CLANG_WARN__DUPLICATE_METHOD_MATCH = YES;
				COPY_PHASE_STRIP = NO;
				DEBUG_INFORMATION_FORMAT = dwarf;
				ENABLE_STRICT_OBJC_MSGSEND = YES;
				ENABLE_TESTABILITY = YES;
				GCC_C_LANGUAGE_STANDARD = gnu11;
				GCC_DYNAMIC_NO_PIC = NO;
				GCC_NO_COMMON_BLOCKS = YES;
				GCC_OPTIMIZATION_LEVEL = 0;
				GCC_PREPROCESSOR_DEFINITIONS = (
					"DEBUG=1",
					"$(inherited)",
				);
				GCC_WARN_64_TO_32_BIT_CONVERSION = YES;
				GCC_WARN_ABOUT_RETURN_TYPE = YES_ERROR;
				GCC_WARN_UNDECLARED_SELECTOR = YES;
				GCC_WARN_UNINITIALIZED_AUTOS = YES_AGGRESSIVE;
				GCC_WARN_UNUSED_FUNCTION = YES;
				GCC_WARN_UNUSED_VARIABLE = YES;
				IPHONEOS_DEPLOYMENT_TARGET = 15.2;
				MTL_ENABLE_DEBUG_INFO = INCLUDE_SOURCE;
				MTL_FAST_MATH = YES;
				ONLY_ACTIVE_ARCH = YES;
				SDKROOT = iphoneos;
				SWIFT_ACTIVE_COMPILATION_CONDITIONS = DEBUG;
				SWIFT_OPTIMIZATION_LEVEL = "-Onone";
			};
			name = Debug;
		};
		AC94C2BD27B48CEE00B0FE4D /* Release */ = {
			isa = XCBuildConfiguration;
			buildSettings = {
				ALWAYS_SEARCH_USER_PATHS = NO;
				CLANG_ANALYZER_NONNULL = YES;
				CLANG_ANALYZER_NUMBER_OBJECT_CONVERSION = YES_AGGRESSIVE;
				CLANG_CXX_LANGUAGE_STANDARD = "gnu++17";
				CLANG_CXX_LIBRARY = "libc++";
				CLANG_ENABLE_MODULES = YES;
				CLANG_ENABLE_OBJC_ARC = YES;
				CLANG_ENABLE_OBJC_WEAK = YES;
				CLANG_WARN_BLOCK_CAPTURE_AUTORELEASING = YES;
				CLANG_WARN_BOOL_CONVERSION = YES;
				CLANG_WARN_COMMA = YES;
				CLANG_WARN_CONSTANT_CONVERSION = YES;
				CLANG_WARN_DEPRECATED_OBJC_IMPLEMENTATIONS = YES;
				CLANG_WARN_DIRECT_OBJC_ISA_USAGE = YES_ERROR;
				CLANG_WARN_DOCUMENTATION_COMMENTS = YES;
				CLANG_WARN_EMPTY_BODY = YES;
				CLANG_WARN_ENUM_CONVERSION = YES;
				CLANG_WARN_INFINITE_RECURSION = YES;
				CLANG_WARN_INT_CONVERSION = YES;
				CLANG_WARN_NON_LITERAL_NULL_CONVERSION = YES;
				CLANG_WARN_OBJC_IMPLICIT_RETAIN_SELF = YES;
				CLANG_WARN_OBJC_LITERAL_CONVERSION = YES;
				CLANG_WARN_OBJC_ROOT_CLASS = YES_ERROR;
				CLANG_WARN_QUOTED_INCLUDE_IN_FRAMEWORK_HEADER = YES;
				CLANG_WARN_RANGE_LOOP_ANALYSIS = YES;
				CLANG_WARN_STRICT_PROTOTYPES = YES;
				CLANG_WARN_SUSPICIOUS_MOVE = YES;
				CLANG_WARN_UNGUARDED_AVAILABILITY = YES_AGGRESSIVE;
				CLANG_WARN_UNREACHABLE_CODE = YES;
				CLANG_WARN__DUPLICATE_METHOD_MATCH = YES;
				COPY_PHASE_STRIP = NO;
				DEBUG_INFORMATION_FORMAT = "dwarf-with-dsym";
				ENABLE_NS_ASSERTIONS = NO;
				ENABLE_STRICT_OBJC_MSGSEND = YES;
				GCC_C_LANGUAGE_STANDARD = gnu11;
				GCC_NO_COMMON_BLOCKS = YES;
				GCC_WARN_64_TO_32_BIT_CONVERSION = YES;
				GCC_WARN_ABOUT_RETURN_TYPE = YES_ERROR;
				GCC_WARN_UNDECLARED_SELECTOR = YES;
				GCC_WARN_UNINITIALIZED_AUTOS = YES_AGGRESSIVE;
				GCC_WARN_UNUSED_FUNCTION = YES;
				GCC_WARN_UNUSED_VARIABLE = YES;
				IPHONEOS_DEPLOYMENT_TARGET = 15.2;
				MTL_ENABLE_DEBUG_INFO = NO;
				MTL_FAST_MATH = YES;
				SDKROOT = iphoneos;
				SWIFT_COMPILATION_MODE = wholemodule;
				SWIFT_OPTIMIZATION_LEVEL = "-O";
				VALIDATE_PRODUCT = YES;
			};
			name = Release;
		};
		AC94C2BF27B48CEE00B0FE4D /* Debug */ = {
			isa = XCBuildConfiguration;
			buildSettings = {
				ASSETCATALOG_COMPILER_APPICON_NAME = AppIcon;
				ASSETCATALOG_COMPILER_GLOBAL_ACCENT_COLOR_NAME = AccentColor;
				CODE_SIGN_STYLE = Automatic;
				CURRENT_PROJECT_VERSION = 4;
				DEVELOPMENT_ASSET_PATHS = "\"Fastwizz/Preview Content\"";
				DEVELOPMENT_TEAM = 8C4V5Y6W3A;
				ENABLE_PREVIEWS = YES;
				GENERATE_INFOPLIST_FILE = YES;
				INFOPLIST_KEY_UIApplicationSceneManifest_Generation = YES;
				INFOPLIST_KEY_UIApplicationSupportsIndirectInputEvents = YES;
				INFOPLIST_KEY_UILaunchScreen_Generation = YES;
				INFOPLIST_KEY_UISupportedInterfaceOrientations_iPad = "UIInterfaceOrientationPortrait UIInterfaceOrientationPortraitUpsideDown UIInterfaceOrientationLandscapeLeft UIInterfaceOrientationLandscapeRight";
				INFOPLIST_KEY_UISupportedInterfaceOrientations_iPhone = "UIInterfaceOrientationPortrait UIInterfaceOrientationLandscapeLeft UIInterfaceOrientationLandscapeRight";
				LD_RUNPATH_SEARCH_PATHS = (
					"$(inherited)",
					"@executable_path/Frameworks",
				);
				MARKETING_VERSION = 1.0.1;
				PRODUCT_BUNDLE_IDENTIFIER = com.rowdur.Fastwizz;
				PRODUCT_NAME = "$(TARGET_NAME)";
				SWIFT_EMIT_LOC_STRINGS = YES;
				SWIFT_VERSION = 5.0;
				TARGETED_DEVICE_FAMILY = "1,2";
			};
			name = Debug;
		};
		AC94C2C027B48CEE00B0FE4D /* Release */ = {
			isa = XCBuildConfiguration;
			buildSettings = {
				ASSETCATALOG_COMPILER_APPICON_NAME = AppIcon;
				ASSETCATALOG_COMPILER_GLOBAL_ACCENT_COLOR_NAME = AccentColor;
				CODE_SIGN_STYLE = Automatic;
				CURRENT_PROJECT_VERSION = 4;
				DEVELOPMENT_ASSET_PATHS = "\"Fastwizz/Preview Content\"";
				DEVELOPMENT_TEAM = 8C4V5Y6W3A;
				ENABLE_PREVIEWS = YES;
				GENERATE_INFOPLIST_FILE = YES;
				INFOPLIST_KEY_UIApplicationSceneManifest_Generation = YES;
				INFOPLIST_KEY_UIApplicationSupportsIndirectInputEvents = YES;
				INFOPLIST_KEY_UILaunchScreen_Generation = YES;
				INFOPLIST_KEY_UISupportedInterfaceOrientations_iPad = "UIInterfaceOrientationPortrait UIInterfaceOrientationPortraitUpsideDown UIInterfaceOrientationLandscapeLeft UIInterfaceOrientationLandscapeRight";
				INFOPLIST_KEY_UISupportedInterfaceOrientations_iPhone = "UIInterfaceOrientationPortrait UIInterfaceOrientationLandscapeLeft UIInterfaceOrientationLandscapeRight";
				LD_RUNPATH_SEARCH_PATHS = (
					"$(inherited)",
					"@executable_path/Frameworks",
				);
				MARKETING_VERSION = 1.0.1;
				PRODUCT_BUNDLE_IDENTIFIER = com.rowdur.Fastwizz;
				PRODUCT_NAME = "$(TARGET_NAME)";
				SWIFT_EMIT_LOC_STRINGS = YES;
				SWIFT_VERSION = 5.0;
				TARGETED_DEVICE_FAMILY = "1,2";
			};
			name = Release;
		};
		AC94C2C227B48CEE00B0FE4D /* Debug */ = {
			isa = XCBuildConfiguration;
			buildSettings = {
				ALWAYS_EMBED_SWIFT_STANDARD_LIBRARIES = YES;
				BUNDLE_LOADER = "$(TEST_HOST)";
				CODE_SIGN_STYLE = Automatic;
				CURRENT_PROJECT_VERSION = 4;
				DEVELOPMENT_TEAM = 8C4V5Y6W3A;
				GENERATE_INFOPLIST_FILE = YES;
				IPHONEOS_DEPLOYMENT_TARGET = 15.2;
				MARKETING_VERSION = 1.0.1;
				PRODUCT_BUNDLE_IDENTIFIER = com.rowdur.FastwizzTests;
				PRODUCT_NAME = "$(TARGET_NAME)";
				SWIFT_EMIT_LOC_STRINGS = NO;
				SWIFT_VERSION = 5.0;
				TARGETED_DEVICE_FAMILY = "1,2";
				TEST_HOST = "$(BUILT_PRODUCTS_DIR)/Fastwizz.app/Fastwizz";
			};
			name = Debug;
		};
		AC94C2C327B48CEE00B0FE4D /* Release */ = {
			isa = XCBuildConfiguration;
			buildSettings = {
				ALWAYS_EMBED_SWIFT_STANDARD_LIBRARIES = YES;
				BUNDLE_LOADER = "$(TEST_HOST)";
				CODE_SIGN_STYLE = Automatic;
				CURRENT_PROJECT_VERSION = 4;
				DEVELOPMENT_TEAM = 8C4V5Y6W3A;
				GENERATE_INFOPLIST_FILE = YES;
				IPHONEOS_DEPLOYMENT_TARGET = 15.2;
				MARKETING_VERSION = 1.0.1;
				PRODUCT_BUNDLE_IDENTIFIER = com.rowdur.FastwizzTests;
				PRODUCT_NAME = "$(TARGET_NAME)";
				SWIFT_EMIT_LOC_STRINGS = NO;
				SWIFT_VERSION = 5.0;
				TARGETED_DEVICE_FAMILY = "1,2";
				TEST_HOST = "$(BUILT_PRODUCTS_DIR)/Fastwizz.app/Fastwizz";
			};
			name = Release;
		};
		AC94C2C527B48CEE00B0FE4D /* Debug */ = {
			isa = XCBuildConfiguration;
			buildSettings = {
				ALWAYS_EMBED_SWIFT_STANDARD_LIBRARIES = YES;
				CODE_SIGN_STYLE = Automatic;
				CURRENT_PROJECT_VERSION = 4;
				DEVELOPMENT_TEAM = 8C4V5Y6W3A;
				GENERATE_INFOPLIST_FILE = YES;
				MARKETING_VERSION = 1.0.1;
				PRODUCT_BUNDLE_IDENTIFIER = com.rowdur.FastwizzUITests;
				PRODUCT_NAME = "$(TARGET_NAME)";
				SWIFT_EMIT_LOC_STRINGS = NO;
				SWIFT_VERSION = 5.0;
				TARGETED_DEVICE_FAMILY = "1,2";
				TEST_TARGET_NAME = Fastwizz;
			};
			name = Debug;
		};
		AC94C2C627B48CEE00B0FE4D /* Release */ = {
			isa = XCBuildConfiguration;
			buildSettings = {
				ALWAYS_EMBED_SWIFT_STANDARD_LIBRARIES = YES;
				CODE_SIGN_STYLE = Automatic;
				CURRENT_PROJECT_VERSION = 4;
				DEVELOPMENT_TEAM = 8C4V5Y6W3A;
				GENERATE_INFOPLIST_FILE = YES;
				MARKETING_VERSION = 1.0.1;
				PRODUCT_BUNDLE_IDENTIFIER = com.rowdur.FastwizzUITests;
				PRODUCT_NAME = "$(TARGET_NAME)";
				SWIFT_EMIT_LOC_STRINGS = NO;
				SWIFT_VERSION = 5.0;
				TARGETED_DEVICE_FAMILY = "1,2";
				TEST_TARGET_NAME = Fastwizz;
			};
			name = Release;
		};
/* End XCBuildConfiguration section */

/* Begin XCConfigurationList section */
		AC94C29527B48CEC00B0FE4D /* Build configuration list for PBXProject "Fastwizz" */ = {
			isa = XCConfigurationList;
			buildConfigurations = (
				AC94C2BC27B48CEE00B0FE4D /* Debug */,
				AC94C2BD27B48CEE00B0FE4D /* Release */,
			);
			defaultConfigurationIsVisible = 0;
			defaultConfigurationName = Release;
		};
		AC94C2BE27B48CEE00B0FE4D /* Build configuration list for PBXNativeTarget "Fastwizz" */ = {
			isa = XCConfigurationList;
			buildConfigurations = (
				AC94C2BF27B48CEE00B0FE4D /* Debug */,
				AC94C2C027B48CEE00B0FE4D /* Release */,
			);
			defaultConfigurationIsVisible = 0;
			defaultConfigurationName = Release;
		};
		AC94C2C127B48CEE00B0FE4D /* Build configuration list for PBXNativeTarget "FastwizzTests" */ = {
			isa = XCConfigurationList;
			buildConfigurations = (
				AC94C2C227B48CEE00B0FE4D /* Debug */,
				AC94C2C327B48CEE00B0FE4D /* Release */,
			);
			defaultConfigurationIsVisible = 0;
			defaultConfigurationName = Release;
		};
		AC94C2C427B48CEE00B0FE4D /* Build configuration list for PBXNativeTarget "FastwizzUITests" */ = {
			isa = XCConfigurationList;
			buildConfigurations = (
				AC94C2C527B48CEE00B0FE4D /* Debug */,
				AC94C2C627B48CEE00B0FE4D /* Release */,
			);
			defaultConfigurationIsVisible = 0;
			defaultConfigurationName = Release;
		};
/* End XCConfigurationList section */
	};
	rootObject = AC94C29227B48CEC00B0FE4D /* Project object */;
}
